
Microsoft Visual Studio Solution File, Format Version 12.00
# Visual Studio 15
VisualStudioVersion = 15.0.28307.271
MinimumVisualStudioVersion = 10.0.40219.1
Project("{FAE04EC0-301F-11D3-BF4B-00C04F79EFBC}") = "OpenTextSummarizer", "OpenTextSummarizer.csproj", "{E8A9E8B5-11A0-402C-BB15-522645A2BA00}"
EndProject
Project("{FAE04EC0-301F-11D3-BF4B-00C04F79EFBC}") = "OpenTextSummarizer.Tests", "OpenTextSummarizer.Tests\OpenTextSummarizer.Tests.csproj", "{EA68789A-5E9D-47CB-91AA-6A437E611433}"
EndProject
Project("{FAE04EC0-301F-11D3-BF4B-00C04F79EFBC}") = "OpenTextSummarizer.Demo", "OpenTextSummarizer.Demo\OpenTextSummarizer.Demo.csproj", "{1A365536-9FA1-4500-B05D-13AE7C922E7A}"
EndProject
Project("{FAE04EC0-301F-11D3-BF4B-00C04F79EFBC}") = "OpenTextSummarizerCore.Demo", "OpenTextSummarizerCore.Demo\OpenTextSummarizerCore.Demo.csproj", "{8A10CE29-E08C-479E-8056-B79C601995A4}"
EndProject
Project("{9A19103F-16F7-4668-BE54-9A1E7A4F7556}") = "OpenTextSummarizerCore", "OpenTextSummarizerCore\OpenTextSummarizerCore.csproj", "{802A0902-6FEE-473E-8739-7B8E48409B98}"
EndProject
Global
	GlobalSection(SolutionConfigurationPlatforms) = preSolution
		Debug|Any CPU = Debug|Any CPU
		Release|Any CPU = Release|Any CPU
	EndGlobalSection
	GlobalSection(ProjectConfigurationPlatforms) = postSolution
		{E8A9E8B5-11A0-402C-BB15-522645A2BA00}.Debug|Any CPU.ActiveCfg = Debug|Any CPU
		{E8A9E8B5-11A0-402C-BB15-522645A2BA00}.Debug|Any CPU.Build.0 = Debug|Any CPU
		{E8A9E8B5-11A0-402C-BB15-522645A2BA00}.Release|Any CPU.ActiveCfg = Release|Any CPU
		{E8A9E8B5-11A0-402C-BB15-522645A2BA00}.Release|Any CPU.Build.0 = Release|Any CPU
		{EA68789A-5E9D-47CB-91AA-6A437E611433}.Debug|Any CPU.ActiveCfg = Debug|Any CPU
		{EA68789A-5E9D-47CB-91AA-6A437E611433}.Debug|Any CPU.Build.0 = Debug|Any CPU
		{EA68789A-5E9D-47CB-91AA-6A437E611433}.Release|Any CPU.ActiveCfg = Release|Any CPU
		{EA68789A-5E9D-47CB-91AA-6A437E611433}.Release|Any CPU.Build.0 = Release|Any CPU
		{1A365536-9FA1-4500-B05D-13AE7C922E7A}.Debug|Any CPU.ActiveCfg = Debug|Any CPU
		{1A365536-9FA1-4500-B05D-13AE7C922E7A}.Debug|Any CPU.Build.0 = Debug|Any CPU
		{1A365536-9FA1-4500-B05D-13AE7C922E7A}.Release|Any CPU.ActiveCfg = Release|Any CPU
		{1A365536-9FA1-4500-B05D-13AE7C922E7A}.Release|Any CPU.Build.0 = Release|Any CPU
		{8A10CE29-E08C-479E-8056-B79C601995A4}.Debug|Any CPU.ActiveCfg = Debug|Any CPU
		{8A10CE29-E08C-479E-8056-B79C601995A4}.Debug|Any CPU.Build.0 = Debug|Any CPU
		{8A10CE29-E08C-479E-8056-B79C601995A4}.Release|Any CPU.ActiveCfg = Release|Any CPU
		{8A10CE29-E08C-479E-8056-B79C601995A4}.Release|Any CPU.Build.0 = Release|Any CPU
		{802A0902-6FEE-473E-8739-7B8E48409B98}.Debug|Any CPU.ActiveCfg = Debug|Any CPU
		{802A0902-6FEE-473E-8739-7B8E48409B98}.Debug|Any CPU.Build.0 = Debug|Any CPU
		{802A0902-6FEE-473E-8739-7B8E48409B98}.Release|Any CPU.ActiveCfg = Release|Any CPU
		{802A0902-6FEE-473E-8739-7B8E48409B98}.Release|Any CPU.Build.0 = Release|Any CPU
	EndGlobalSection
	GlobalSection(SolutionProperties) = preSolution
		HideSolutionNode = FALSE
	EndGlobalSection
	GlobalSection(ExtensibilityGlobals) = postSolution
		SolutionGuid = {3D0F102E-F00E-4294-A99C-B1C202F18416}
	EndGlobalSection
EndGlobal
