
Microsoft Visual Studio Solution File, Format Version 12.00
# Visual Studio 15
VisualStudioVersion = 15.0.28307.271
MinimumVisualStudioVersion = 10.0.40219.1
Project("{9A19103F-16F7-4668-BE54-9A1E7A4F7556}") = "OpenTextSummarizer.Demo", "OpenTextSummarizer.Demo\OpenTextSummarizer.Demo.csproj", "{8A10CE29-E08C-479E-8056-B79C601995A4}"
EndProject
Project("{9A19103F-16F7-4668-BE54-9A1E7A4F7556}") = "OpenTextSummarizer", "OpenTextSummarizer\OpenTextSummarizer.csproj", "{802A0902-6FEE-473E-8739-7B8E48409B98}"
EndProject
Global
	GlobalSection(SolutionConfigurationPlatforms) = preSolution
		Debug|Any CPU = Debug|Any CPU
		Release|Any CPU = Release|Any CPU
	EndGlobalSection
	GlobalSection(ProjectConfigurationPlatforms) = postSolution
		{8A10CE29-E08C-479E-8056-B79C601995A4}.Debug|Any CPU.ActiveCfg = Debug|Any CPU
		{8A10CE29-E08C-479E-8056-B79C601995A4}.Debug|Any CPU.Build.0 = Debug|Any CPU
		{8A10CE29-E08C-479E-8056-B79C601995A4}.Release|Any CPU.ActiveCfg = Release|Any CPU
		{8A10CE29-E08C-479E-8056-B79C601995A4}.Release|Any CPU.Build.0 = Release|Any CPU
		{802A0902-6FEE-473E-8739-7B8E48409B98}.Debug|Any CPU.ActiveCfg = Debug|Any CPU
		{802A0902-6FEE-473E-8739-7B8E48409B98}.Debug|Any CPU.Build.0 = Debug|Any CPU
		{802A0902-6FEE-473E-8739-7B8E48409B98}.Release|Any CPU.ActiveCfg = Release|Any CPU
		{802A0902-6FEE-473E-8739-7B8E48409B98}.Release|Any CPU.Build.0 = Release|Any CPU
	EndGlobalSection
	GlobalSection(SolutionProperties) = preSolution
		HideSolutionNode = FALSE
	EndGlobalSection
	GlobalSection(ExtensibilityGlobals) = postSolution
		SolutionGuid = {3D0F102E-F00E-4294-A99C-B1C202F18416}
	EndGlobalSection
EndGlobal
